schema: '2.0'
stages:
  data_ingestion:
    cmd: python experiments/src/data_ingestion.py
    deps:
    - path: experiments/src/data_ingestion.py
      hash: md5
      md5: d51f474d1d627e1ea9047e4e2f27b18f
      size: 3641
    - path: params.yaml
      hash: md5
      md5: 33b0071064b917653534ba589a8808f3
      size: 135
    outs:
    - path: data/raw
      hash: md5
      md5: d26befd2dda9438254177d9000d9ba1f.dir
      size: 484846
      nfiles: 2
  data_preprocessing:
    cmd: python experiments/src/data_preprocessing.py
    deps:
    - path: data/raw
      hash: md5
      md5: d26befd2dda9438254177d9000d9ba1f.dir
      size: 484846
      nfiles: 2
    - path: experiments/src/data_preprocessing.py
      hash: md5
      md5: aca015c3f37d12d2fd33805c1189aaba
      size: 3977
    outs:
    - path: data/interim
      hash: md5
      md5: 61ca13b2e20854a1f7bacbbcfeca409e.dir
      size: 262513
      nfiles: 2
  feature_engineering:
    cmd: python experiments/src/feature_engineering.py
    deps:
    - path: data/interim
      hash: md5
      md5: 61ca13b2e20854a1f7bacbbcfeca409e.dir
      size: 262513
      nfiles: 2
    - path: experiments/src/feature_engineering.py
      hash: md5
      md5: d2cc8c5b6fda780aaded99dae3da3fef
      size: 3912
    params:
      params.yaml:
        feature_engineering.max_features: 50
    outs:
    - path: data/processed
      hash: md5
      md5: 59ac4cbd8b5804b21006c57964bd0034.dir
      size: 1188089
      nfiles: 2
  model_building:
    cmd: python experiments/src/model_building.py
    deps:
    - path: data/processed
      hash: md5
      md5: 59ac4cbd8b5804b21006c57964bd0034.dir
      size: 1188089
      nfiles: 2
    - path: experiments/src/model_building.py
      hash: md5
      md5: d62f4253d4f19d15916f91db4ce82432
      size: 4425
    params:
      params.yaml:
        model_building.n_estimators: 25
        model_building.random_state: 2
    outs:
    - path: models/model.pkl
      hash: md5
      md5: 2b4cf5b9e2ec95de6db7d0cde2c1641a
      size: 899465
  model_evaluation:
    cmd: python experiments/src/model_evaluation.py
    deps:
    - path: experiments/src/model_evaluation.py
      hash: md5
      md5: 553abb63c25d201ab4732efe779df04d
      size: 4639
    - path: models/model.pkl
      hash: md5
      md5: 2b4cf5b9e2ec95de6db7d0cde2c1641a
      size: 899465
    outs:
    - path: reports/metrics.json
      hash: md5
      md5: 7565a6fa80ea70962478cfa42348116e
      size: 143
